
Microsoft Visual Studio Solution File, Format Version 12.00
# Visual Studio Version 17
VisualStudioVersion = 17.5.33530.505
MinimumVisualStudioVersion = 10.0.40219.1
Project("{FAE04EC0-301F-11D3-BF4B-00C04F79EFBC}") = "WebCoreMVC", "WebCoreMVC\WebCoreMVC.csproj", "{BB194ABD-84A2-439D-8DBD-A1EA3E978D1D}"
EndProject
Global
	GlobalSection(SolutionConfigurationPlatforms) = preSolution
		Debug|Any CPU = Debug|Any CPU
		Release|Any CPU = Release|Any CPU
	EndGlobalSection
	GlobalSection(ProjectConfigurationPlatforms) = postSolution
		{BB194ABD-84A2-439D-8DBD-A1EA3E978D1D}.Debug|Any CPU.ActiveCfg = Debug|Any CPU
		{BB194ABD-84A2-439D-8DBD-A1EA3E978D1D}.Debug|Any CPU.Build.0 = Debug|Any CPU
		{BB194ABD-84A2-439D-8DBD-A1EA3E978D1D}.Release|Any CPU.ActiveCfg = Release|Any CPU
		{BB194ABD-84A2-439D-8DBD-A1EA3E978D1D}.Release|Any CPU.Build.0 = Release|Any CPU
	EndGlobalSection
	GlobalSection(SolutionProperties) = preSolution
		HideSolutionNode = FALSE
	EndGlobalSection
	GlobalSection(ExtensibilityGlobals) = postSolution
		SolutionGuid = {CDFC233D-51D0-4B2D-875B-2B8F0785C7CC}
	EndGlobalSection
EndGlobal
